
Microsoft Visual Studio Solution File, Format Version 12.00
# Visual Studio 15
VisualStudioVersion = 15.0.28307.421
MinimumVisualStudioVersion = 10.0.40219.1
Project("{FAE04EC0-301F-11D3-BF4B-00C04F79EFBC}") = "WpfPrenotazione2", "WpfPrenotazione2\WpfPrenotazione2.csproj", "{3C0979E7-08F4-430C-9935-203DD23AD73A}"
	ProjectSection(ProjectDependencies) = postProject
		{8603E1C8-4210-4ACA-90F3-DC5A42F0CDEE} = {8603E1C8-4210-4ACA-90F3-DC5A42F0CDEE}
	EndProjectSection
EndProject
Project("{FAE04EC0-301F-11D3-BF4B-00C04F79EFBC}") = "PrenotazioneLibreria", "PrenotazioneLibreria\PrenotazioneLibreria.csproj", "{8603E1C8-4210-4ACA-90F3-DC5A42F0CDEE}"
EndProject
Global
	GlobalSection(SolutionConfigurationPlatforms) = preSolution
		Debug|Any CPU = Debug|Any CPU
		Release|Any CPU = Release|Any CPU
	EndGlobalSection
	GlobalSection(ProjectConfigurationPlatforms) = postSolution
		{3C0979E7-08F4-430C-9935-203DD23AD73A}.Debug|Any CPU.ActiveCfg = Debug|Any CPU
		{3C0979E7-08F4-430C-9935-203DD23AD73A}.Debug|Any CPU.Build.0 = Debug|Any CPU
		{3C0979E7-08F4-430C-9935-203DD23AD73A}.Release|Any CPU.ActiveCfg = Release|Any CPU
		{3C0979E7-08F4-430C-9935-203DD23AD73A}.Release|Any CPU.Build.0 = Release|Any CPU
		{8603E1C8-4210-4ACA-90F3-DC5A42F0CDEE}.Debug|Any CPU.ActiveCfg = Debug|Any CPU
		{8603E1C8-4210-4ACA-90F3-DC5A42F0CDEE}.Debug|Any CPU.Build.0 = Debug|Any CPU
		{8603E1C8-4210-4ACA-90F3-DC5A42F0CDEE}.Release|Any CPU.ActiveCfg = Release|Any CPU
		{8603E1C8-4210-4ACA-90F3-DC5A42F0CDEE}.Release|Any CPU.Build.0 = Release|Any CPU
	EndGlobalSection
	GlobalSection(SolutionProperties) = preSolution
		HideSolutionNode = FALSE
	EndGlobalSection
	GlobalSection(ExtensibilityGlobals) = postSolution
		SolutionGuid = {677A99DE-0495-4EAE-B9AC-AE78FED3608C}
	EndGlobalSection
EndGlobal
